
Microsoft Visual Studio Solution File, Format Version 12.00
Project("{FAE04EC0-301F-11D3-BF4B-00C04F79EFBC}") = "IntralismScoreChecker", "IntralismScoreChecker\IntralismScoreChecker.csproj", "{93E6A2E7-26D1-4CD1-9C09-5EF4B76C2B6E}"
EndProject
Global
	GlobalSection(SolutionConfigurationPlatforms) = preSolution
		Debug|Any CPU = Debug|Any CPU
		Release|Any CPU = Release|Any CPU
	EndGlobalSection
	GlobalSection(ProjectConfigurationPlatforms) = postSolution
		{93E6A2E7-26D1-4CD1-9C09-5EF4B76C2B6E}.Debug|Any CPU.ActiveCfg = Debug|Any CPU
		{93E6A2E7-26D1-4CD1-9C09-5EF4B76C2B6E}.Debug|Any CPU.Build.0 = Debug|Any CPU
		{93E6A2E7-26D1-4CD1-9C09-5EF4B76C2B6E}.Release|Any CPU.ActiveCfg = Release|Any CPU
		{93E6A2E7-26D1-4CD1-9C09-5EF4B76C2B6E}.Release|Any CPU.Build.0 = Release|Any CPU
	EndGlobalSection
EndGlobal
